// !$*UTF8*$!
{
	archiveVersion = 1;
	classes = {
	};
	objectVersion = 46;
	objects = {

/* Begin PBXBuildFile section */
		ED53E8741E50B613000411FB /* main.m in Sources */ = {isa = PBXBuildFile; fileRef = ED53E8731E50B613000411FB /* main.m */; };
		ED53E8771E50B613000411FB /* AppDelegate.m in Sources */ = {isa = PBXBuildFile; fileRef = ED53E8761E50B613000411FB /* AppDelegate.m */; };
		ED53E87A1E50B613000411FB /* ViewController.m in Sources */ = {isa = PBXBuildFile; fileRef = ED53E8791E50B613000411FB /* ViewController.m */; };
		ED53E87D1E50B613000411FB /* Main.storyboard in Resources */ = {isa = PBXBuildFile; fileRef = ED53E87B1E50B613000411FB /* Main.storyboard */; };
		ED53E87F1E50B613000411FB /* Assets.xcassets in Resources */ = {isa = PBXBuildFile; fileRef = ED53E87E1E50B613000411FB /* Assets.xcassets */; };
		ED53E8821E50B613000411FB /* LaunchScreen.storyboard in Resources */ = {isa = PBXBuildFile; fileRef = ED53E8801E50B613000411FB /* LaunchScreen.storyboard */; };
		ED53E88D1E50B613000411FB /* TouchesDemoTests.m in Sources */ = {isa = PBXBuildFile; fileRef = ED53E88C1E50B613000411FB /* TouchesDemoTests.m */; };
		ED53E8981E50B613000411FB /* TouchesDemoUITests.m in Sources */ = {isa = PBXBuildFile; fileRef = ED53E8971E50B613000411FB /* TouchesDemoUITests.m */; };
		ED53E8A81E50B652000411FB /* RedView.m in Sources */ = {isa = PBXBuildFile; fileRef = ED53E8A71E50B652000411FB /* RedView.m */; };
		ED53E8AB1E50B664000411FB /* GreenView.m in Sources */ = {isa = PBXBuildFile; fileRef = ED53E8AA1E50B664000411FB /* GreenView.m */; };
		ED53E8AE1E50B674000411FB /* BlueView.m in Sources */ = {isa = PBXBuildFile; fileRef = ED53E8AD1E50B674000411FB /* BlueView.m */; };
		ED53E8B11E50B690000411FB /* YellowView.m in Sources */ = {isa = PBXBuildFile; fileRef = ED53E8B01E50B690000411FB /* YellowView.m */; };
/* End PBXBuildFile section */

/* Begin PBXContainerItemProxy section */
		ED53E8891E50B613000411FB /* PBXContainerItemProxy */ = {
			isa = PBXContainerItemProxy;
			containerPortal = ED53E8671E50B613000411FB /* Project object */;
			proxyType = 1;
			remoteGlobalIDString = ED53E86E1E50B613000411FB;
			remoteInfo = TouchesDemo;
		};
		ED53E8941E50B613000411FB /* PBXContainerItemProxy */ = {
			isa = PBXContainerItemProxy;
			containerPortal = ED53E8671E50B613000411FB /* Project object */;
			proxyType = 1;
			remoteGlobalIDString = ED53E86E1E50B613000411FB;
			remoteInfo = TouchesDemo;
		};
/* End PBXContainerItemProxy section */

/* Begin PBXFileReference section */
		ED53E86F1E50B613000411FB /* TouchesDemo.app */ = {isa = PBXFileReference; explicitFileType = wrapper.application; includeInIndex = 0; path = TouchesDemo.app; sourceTree = BUILT_PRODUCTS_DIR; };
		ED53E8731E50B613000411FB /* main.m */ = {isa = PBXFileReference; lastKnownFileType = sourcecode.c.objc; path = main.m; sourceTree = "<group>"; };
		ED53E8751E50B613000411FB /* AppDelegate.h */ = {isa = PBXFileReference; lastKnownFileType = sourcecode.c.h; path = AppDelegate.h; sourceTree = "<group>"; };
		ED53E8761E50B613000411FB /* AppDelegate.m */ = {isa = PBXFileReference; lastKnownFileType = sourcecode.c.objc; path = AppDelegate.m; sourceTree = "<group>"; };
		ED53E8781E50B613000411FB /* ViewController.h */ = {isa = PBXFileReference; lastKnownFileType = sourcecode.c.h; path = ViewController.h; sourceTree = "<group>"; };
		ED53E8791E50B613000411FB /* ViewController.m */ = {isa = PBXFileReference; lastKnownFileType = sourcecode.c.objc; path = ViewController.m; sourceTree = "<group>"; };
		ED53E87C1E50B613000411FB /* Base */ = {isa = PBXFileReference; lastKnownFileType = file.storyboard; name = Base; path = Base.lproj/Main.storyboard; sourceTree = "<group>"; };
		ED53E87E1E50B613000411FB /* Assets.xcassets */ = {isa = PBXFileReference; lastKnownFileType = folder.assetcatalog; path = Assets.xcassets; sourceTree = "<group>"; };
		ED53E8811E50B613000411FB /* Base */ = {isa = PBXFileReference; lastKnownFileType = file.storyboard; name = Base; path = Base.lproj/LaunchScreen.storyboard; sourceTree = "<group>"; };
		ED53E8831E50B613000411FB /* Info.plist */ = {isa = PBXFileReference; lastKnownFileType = text.plist.xml; path = Info.plist; sourceTree = "<group>"; };
		ED53E8881E50B613000411FB /* TouchesDemoTests.xctest */ = {isa = PBXFileReference; explicitFileType = wrapper.cfbundle; includeInIndex = 0; path = TouchesDemoTests.xctest; sourceTree = BUILT_PRODUCTS_DIR; };
		ED53E88C1E50B613000411FB /* TouchesDemoTests.m */ = {isa = PBXFileReference; lastKnownFileType = sourcecode.c.objc; path = TouchesDemoTests.m; sourceTree = "<group>"; };
		ED53E88E1E50B613000411FB /* Info.plist */ = {isa = PBXFileReference; lastKnownFileType = text.plist.xml; path = Info.plist; sourceTree = "<group>"; };
		ED53E8931E50B613000411FB /* TouchesDemoUITests.xctest */ = {isa = PBXFileReference; explicitFileType = wrapper.cfbundle; includeInIndex = 0; path = TouchesDemoUITests.xctest; sourceTree = BUILT_PRODUCTS_DIR; };
		ED53E8971E50B613000411FB /* TouchesDemoUITests.m */ = {isa = PBXFileReference; lastKnownFileType = sourcecode.c.objc; path = TouchesDemoUITests.m; sourceTree = "<group>"; };
		ED53E8991E50B613000411FB /* Info.plist */ = {isa = PBXFileReference; lastKnownFileType = text.plist.xml; path = Info.plist; sourceTree = "<group>"; };
		ED53E8A61E50B652000411FB /* RedView.h */ = {isa = PBXFileReference; fileEncoding = 4; lastKnownFileType = sourcecode.c.h; path = RedView.h; sourceTree = "<group>"; };
		ED53E8A71E50B652000411FB /* RedView.m */ = {isa = PBXFileReference; fileEncoding = 4; lastKnownFileType = sourcecode.c.objc; path = RedView.m; sourceTree = "<group>"; };
		ED53E8A91E50B664000411FB /* GreenView.h */ = {isa = PBXFileReference; fileEncoding = 4; lastKnownFileType = sourcecode.c.h; path = GreenView.h; sourceTree = "<group>"; };
		ED53E8AA1E50B664000411FB /* GreenView.m */ = {isa = PBXFileReference; fileEncoding = 4; lastKnownFileType = sourcecode.c.objc; path = GreenView.m; sourceTree = "<group>"; };
		ED53E8AC1E50B674000411FB /* BlueView.h */ = {isa = PBXFileReference; fileEncoding = 4; lastKnownFileType = sourcecode.c.h; path = BlueView.h; sourceTree = "<group>"; };
		ED53E8AD1E50B674000411FB /* BlueView.m */ = {isa = PBXFileReference; fileEncoding = 4; lastKnownFileType = sourcecode.c.objc; path = BlueView.m; sourceTree = "<group>"; };
		ED53E8AF1E50B690000411FB /* YellowView.h */ = {isa = PBXFileReference; fileEncoding = 4; lastKnownFileType = sourcecode.c.h; path = YellowView.h; sourceTree = "<group>"; };
		ED53E8B01E50B690000411FB /* YellowView.m */ = {isa = PBXFileReference; fileEncoding = 4; lastKnownFileType = sourcecode.c.objc; path = YellowView.m; sourceTree = "<group>"; };
/* End PBXFileReference section */

/* Begin PBXFrameworksBuildPhase section */
		ED53E86C1E50B613000411FB /* Frameworks */ = {
			isa = PBXFrameworksBuildPhase;
			buildActionMask = 2147483647;
			files = (
			);
			runOnlyForDeploymentPostprocessing = 0;
		};
		ED53E8851E50B613000411FB /* Frameworks */ = {
			isa = PBXFrameworksBuildPhase;
			buildActionMask = 2147483647;
			files = (
			);
			runOnlyForDeploymentPostprocessing = 0;
		};
		ED53E8901E50B613000411FB /* Frameworks */ = {
			isa = PBXFrameworksBuildPhase;
			buildActionMask = 2147483647;
			files = (
			);
			runOnlyForDeploymentPostprocessing = 0;
		};
/* End PBXFrameworksBuildPhase section */

/* Begin PBXGroup section */
		ED53E8661E50B613000411FB = {
			isa = PBXGroup;
			children = (
				ED53E8711E50B613000411FB /* TouchesDemo */,
				ED53E88B1E50B613000411FB /* TouchesDemoTests */,
				ED53E8961E50B613000411FB /* TouchesDemoUITests */,
				ED53E8701E50B613000411FB /* Products */,
			);
			sourceTree = "<group>";
		};
		ED53E8701E50B613000411FB /* Products */ = {
			isa = PBXGroup;
			children = (
				ED53E86F1E50B613000411FB /* TouchesDemo.app */,
				ED53E8881E50B613000411FB /* TouchesDemoTests.xctest */,
				ED53E8931E50B613000411FB /* TouchesDemoUITests.xctest */,
			);
			name = Products;
			sourceTree = "<group>";
		};
		ED53E8711E50B613000411FB /* TouchesDemo */ = {
			isa = PBXGroup;
			children = (
				ED53E8A51E50B634000411FB /* views */,
				ED53E8751E50B613000411FB /* AppDelegate.h */,
				ED53E8761E50B613000411FB /* AppDelegate.m */,
				ED53E8781E50B613000411FB /* ViewController.h */,
				ED53E8791E50B613000411FB /* ViewController.m */,
				ED53E87B1E50B613000411FB /* Main.storyboard */,
				ED53E87E1E50B613000411FB /* Assets.xcassets */,
				ED53E8801E50B613000411FB /* LaunchScreen.storyboard */,
				ED53E8831E50B613000411FB /* Info.plist */,
				ED53E8721E50B613000411FB /* Supporting Files */,
			);
			path = TouchesDemo;
			sourceTree = "<group>";
		};
		ED53E8721E50B613000411FB /* Supporting Files */ = {
			isa = PBXGroup;
			children = (
				ED53E8731E50B613000411FB /* main.m */,
			);
			name = "Supporting Files";
			sourceTree = "<group>";
		};
		ED53E88B1E50B613000411FB /* TouchesDemoTests */ = {
			isa = PBXGroup;
			children = (
				ED53E88C1E50B613000411FB /* TouchesDemoTests.m */,
				ED53E88E1E50B613000411FB /* Info.plist */,
			);
			path = TouchesDemoTests;
			sourceTree = "<group>";
		};
		ED53E8961E50B613000411FB /* TouchesDemoUITests */ = {
			isa = PBXGroup;
			children = (
				ED53E8971E50B613000411FB /* TouchesDemoUITests.m */,
				ED53E8991E50B613000411FB /* Info.plist */,
			);
			path = TouchesDemoUITests;
			sourceTree = "<group>";
		};
		ED53E8A51E50B634000411FB /* views */ = {
			isa = PBXGroup;
			children = (
				ED53E8A61E50B652000411FB /* RedView.h */,
				ED53E8A71E50B652000411FB /* RedView.m */,
				ED53E8A91E50B664000411FB /* GreenView.h */,
				ED53E8AA1E50B664000411FB /* GreenView.m */,
				ED53E8AC1E50B674000411FB /* BlueView.h */,
				ED53E8AD1E50B674000411FB /* BlueView.m */,
				ED53E8AF1E50B690000411FB /* YellowView.h */,
				ED53E8B01E50B690000411FB /* YellowView.m */,
			);
			path = views;
			sourceTree = "<group>";
		};
/* End PBXGroup section */

/* Begin PBXNativeTarget section */
		ED53E86E1E50B613000411FB /* TouchesDemo */ = {
			isa = PBXNativeTarget;
			buildConfigurationList = ED53E89C1E50B613000411FB /* Build configuration list for PBXNativeTarget "TouchesDemo" */;
			buildPhases = (
				ED53E86B1E50B613000411FB /* Sources */,
				ED53E86C1E50B613000411FB /* Frameworks */,
				ED53E86D1E50B613000411FB /* Resources */,
			);
			buildRules = (
			);
			dependencies = (
			);
			name = TouchesDemo;
			productName = TouchesDemo;
			productReference = ED53E86F1E50B613000411FB /* TouchesDemo.app */;
			productType = "com.apple.product-type.application";
		};
		ED53E8871E50B613000411FB /* TouchesDemoTests */ = {
			isa = PBXNativeTarget;
			buildConfigurationList = ED53E89F1E50B613000411FB /* Build configuration list for PBXNativeTarget "TouchesDemoTests" */;
			buildPhases = (
				ED53E8841E50B613000411FB /* Sources */,
				ED53E8851E50B613000411FB /* Frameworks */,
				ED53E8861E50B613000411FB /* Resources */,
			);
			buildRules = (
			);
			dependencies = (
				ED53E88A1E50B613000411FB /* PBXTargetDependency */,
			);
			name = TouchesDemoTests;
			productName = TouchesDemoTests;
			productReference = ED53E8881E50B613000411FB /* TouchesDemoTests.xctest */;
			productType = "com.apple.product-type.bundle.unit-test";
		};
		ED53E8921E50B613000411FB /* TouchesDemoUITests */ = {
			isa = PBXNativeTarget;
			buildConfigurationList = ED53E8A21E50B613000411FB /* Build configuration list for PBXNativeTarget "TouchesDemoUITests" */;
			buildPhases = (
				ED53E88F1E50B613000411FB /* Sources */,
				ED53E8901E50B613000411FB /* Frameworks */,
				ED53E8911E50B613000411FB /* Resources */,
			);
			buildRules = (
			);
			dependencies = (
				ED53E8951E50B613000411FB /* PBXTargetDependency */,
			);
			name = TouchesDemoUITests;
			productName = TouchesDemoUITests;
			productReference = ED53E8931E50B613000411FB /* TouchesDemoUITests.xctest */;
			productType = "com.apple.product-type.bundle.ui-testing";
		};
/* End PBXNativeTarget section */

/* Begin PBXProject section */
		ED53E8671E50B613000411FB /* Project object */ = {
			isa = PBXProject;
			attributes = {
				LastUpgradeCheck = 0820;
				ORGANIZATIONNAME = fernando;
				TargetAttributes = {
					ED53E86E1E50B613000411FB = {
						CreatedOnToolsVersion = 8.2.1;
						ProvisioningStyle = Automatic;
					};
					ED53E8871E50B613000411FB = {
						CreatedOnToolsVersion = 8.2.1;
						ProvisioningStyle = Automatic;
						TestTargetID = ED53E86E1E50B613000411FB;
					};
					ED53E8921E50B613000411FB = {
						CreatedOnToolsVersion = 8.2.1;
						ProvisioningStyle = Automatic;
						TestTargetID = ED53E86E1E50B613000411FB;
					};
				};
			};
			buildConfigurationList = ED53E86A1E50B613000411FB /* Build configuration list for PBXProject "TouchesDemo" */;
			compatibilityVersion = "Xcode 3.2";
			developmentRegion = English;
			hasScannedForEncodings = 0;
			knownRegions = (
				en,
				Base,
			);
			mainGroup = ED53E8661E50B613000411FB;
			productRefGroup = ED53E8701E50B613000411FB /* Products */;
			projectDirPath = "";
			projectRoot = "";
			targets = (
				ED53E86E1E50B613000411FB /* TouchesDemo */,
				ED53E8871E50B613000411FB /* TouchesDemoTests */,
				ED53E8921E50B613000411FB /* TouchesDemoUITests */,
			);
		};
/* End PBXProject section */

/* Begin PBXResourcesBuildPhase section */
		ED53E86D1E50B613000411FB /* Resources */ = {
			isa = PBXResourcesBuildPhase;
			buildActionMask = 2147483647;
			files = (
				ED53E8821E50B613000411FB /* LaunchScreen.storyboard in Resources */,
				ED53E87F1E50B613000411FB /* Assets.xcassets in Resources */,
				ED53E87D1E50B613000411FB /* Main.storyboard in Resources */,
			);
			runOnlyForDeploymentPostprocessing = 0;
		};
		ED53E8861E50B613000411FB /* Resources */ = {
			isa = PBXResourcesBuildPhase;
			buildActionMask = 2147483647;
			files = (
			);
			runOnlyForDeploymentPostprocessing = 0;
		};
		ED53E8911E50B613000411FB /* Resources */ = {
			isa = PBXResourcesBuildPhase;
			buildActionMask = 2147483647;
			files = (
			);
			runOnlyForDeploymentPostprocessing = 0;
		};
/* End PBXResourcesBuildPhase section */

/* Begin PBXSourcesBuildPhase section */
		ED53E86B1E50B613000411FB /* Sources */ = {
			isa = PBXSourcesBuildPhase;
			buildActionMask = 2147483647;
			files = (
				ED53E87A1E50B613000411FB /* ViewController.m in Sources */,
				ED53E8771E50B613000411FB /* AppDelegate.m in Sources */,
				ED53E8AE1E50B674000411FB /* BlueView.m in Sources */,
				ED53E8B11E50B690000411FB /* YellowView.m in Sources */,
				ED53E8AB1E50B664000411FB /* GreenView.m in Sources */,
				ED53E8A81E50B652000411FB /* RedView.m in Sources */,
				ED53E8741E50B613000411FB /* main.m in Sources */,
			);
			runOnlyForDeploymentPostprocessing = 0;
		};
		ED53E8841E50B613000411FB /* Sources */ = {
			isa = PBXSourcesBuildPhase;
			buildActionMask = 2147483647;
			files = (
				ED53E88D1E50B613000411FB /* TouchesDemoTests.m in Sources */,
			);
			runOnlyForDeploymentPostprocessing = 0;
		};
		ED53E88F1E50B613000411FB /* Sources */ = {
			isa = PBXSourcesBuildPhase;
			buildActionMask = 2147483647;
			files = (
				ED53E8981E50B613000411FB /* TouchesDemoUITests.m in Sources */,
			);
			runOnlyForDeploymentPostprocessing = 0;
		};
/* End PBXSourcesBuildPhase section */

/* Begin PBXTargetDependency section */
		ED53E88A1E50B613000411FB /* PBXTargetDependency */ = {
			isa = PBXTargetDependency;
			target = ED53E86E1E50B613000411FB /* TouchesDemo */;
			targetProxy = ED53E8891E50B613000411FB /* PBXContainerItemProxy */;
		};
		ED53E8951E50B613000411FB /* PBXTargetDependency */ = {
			isa = PBXTargetDependency;
			target = ED53E86E1E50B613000411FB /* TouchesDemo */;
			targetProxy = ED53E8941E50B613000411FB /* PBXContainerItemProxy */;
		};
/* End PBXTargetDependency section */

/* Begin PBXVariantGroup section */
		ED53E87B1E50B613000411FB /* Main.storyboard */ = {
			isa = PBXVariantGroup;
			children = (
				ED53E87C1E50B613000411FB /* Base */,
			);
			name = Main.storyboard;
			sourceTree = "<group>";
		};
		ED53E8801E50B613000411FB /* LaunchScreen.storyboard */ = {
			isa = PBXVariantGroup;
			children = (
				ED53E8811E50B613000411FB /* Base */,
			);
			name = LaunchScreen.storyboard;
			sourceTree = "<group>";
		};
/* End PBXVariantGroup section */

/* Begin XCBuildConfiguration section */
		ED53E89A1E50B613000411FB /* Debug */ = {
			isa = XCBuildConfiguration;
			buildSettings = {
				ALWAYS_SEARCH_USER_PATHS = NO;
				CLANG_ANALYZER_NONNULL = YES;
				CLANG_CXX_LANGUAGE_STANDARD = "gnu++0x";
				CLANG_CXX_LIBRARY = "libc++";
				CLANG_ENABLE_MODULES = YES;
				CLANG_ENABLE_OBJC_ARC = YES;
				CLANG_WARN_BOOL_CONVERSION = YES;
				CLANG_WARN_CONSTANT_CONVERSION = YES;
				CLANG_WARN_DIRECT_OBJC_ISA_USAGE = YES_ERROR;
				CLANG_WARN_DOCUMENTATION_COMMENTS = YES;
				CLANG_WARN_EMPTY_BODY = YES;
				CLANG_WARN_ENUM_CONVERSION = YES;
				CLANG_WARN_INFINITE_RECURSION = YES;
				CLANG_WARN_INT_CONVERSION = YES;
				CLANG_WARN_OBJC_ROOT_CLASS = YES_ERROR;
				CLANG_WARN_SUSPICIOUS_MOVE = YES;
				CLANG_WARN_UNREACHABLE_CODE = YES;
				CLANG_WARN__DUPLICATE_METHOD_MATCH = YES;
				"CODE_SIGN_IDENTITY[sdk=iphoneos*]" = "iPhone Developer";
				COPY_PHASE_STRIP = NO;
				DEBUG_INFORMATION_FORMAT = dwarf;
				ENABLE_STRICT_OBJC_MSGSEND = YES;
				ENABLE_TESTABILITY = YES;
				GCC_C_LANGUAGE_STANDARD = gnu99;
				GCC_DYNAMIC_NO_PIC = NO;
				GCC_NO_COMMON_BLOCKS = YES;
				GCC_OPTIMIZATION_LEVEL = 0;
				GCC_PREPROCESSOR_DEFINITIONS = (
					"DEBUG=1",
					"$(inherited)",
				);
				GCC_WARN_64_TO_32_BIT_CONVERSION = YES;
				GCC_WARN_ABOUT_RETURN_TYPE = YES_ERROR;
				GCC_WARN_UNDECLARED_SELECTOR = YES;
				GCC_WARN_UNINITIALIZED_AUTOS = YES_AGGRESSIVE;
				GCC_WARN_UNUSED_FUNCTION = YES;
				GCC_WARN_UNUSED_VARIABLE = YES;
				IPHONEOS_DEPLOYMENT_TARGET = 10.2;
				MTL_ENABLE_DEBUG_INFO = YES;
				ONLY_ACTIVE_ARCH = YES;
				SDKROOT = iphoneos;
			};
			name = Debug;
		};
		ED53E89B1E50B613000411FB /* Release */ = {
			isa = XCBuildConfiguration;
			buildSettings = {
				ALWAYS_SEARCH_USER_PATHS = NO;
				CLANG_ANALYZER_NONNULL = YES;
				CLANG_CXX_LANGUAGE_STANDARD = "gnu++0x";
				CLANG_CXX_LIBRARY = "libc++";
				CLANG_ENABLE_MODULES = YES;
				CLANG_ENABLE_OBJC_ARC = YES;
				CLANG_WARN_BOOL_CONVERSION = YES;
				CLANG_WARN_CONSTANT_CONVERSION = YES;
				CLANG_WARN_DIRECT_OBJC_ISA_USAGE = YES_ERROR;
				CLANG_WARN_DOCUMENTATION_COMMENTS = YES;
				CLANG_WARN_EMPTY_BODY = YES;
				CLANG_WARN_ENUM_CONVERSION = YES;
				CLANG_WARN_INFINITE_RECURSION = YES;
				CLANG_WARN_INT_CONVERSION = YES;
				CLANG_WARN_OBJC_ROOT_CLASS = YES_ERROR;
				CLANG_WARN_SUSPICIOUS_MOVE = YES;
				CLANG_WARN_UNREACHABLE_CODE = YES;
				CLANG_WARN__DUPLICATE_METHOD_MATCH = YES;
				"CODE_SIGN_IDENTITY[sdk=iphoneos*]" = "iPhone Developer";
				COPY_PHASE_STRIP = NO;
				DEBUG_INFORMATION_FORMAT = "dwarf-with-dsym";
				ENABLE_NS_ASSERTIONS = NO;
				ENABLE_STRICT_OBJC_MSGSEND = YES;
				GCC_C_LANGUAGE_STANDARD = gnu99;
				GCC_NO_COMMON_BLOCKS = YES;
				GCC_WARN_64_TO_32_BIT_CONVERSION = YES;
				GCC_WARN_ABOUT_RETURN_TYPE = YES_ERROR;
				GCC_WARN_UNDECLARED_SELECTOR = YES;
				GCC_WARN_UNINITIALIZED_AUTOS = YES_AGGRESSIVE;
				GCC_WARN_UNUSED_FUNCTION = YES;
				GCC_WARN_UNUSED_VARIABLE = YES;
				IPHONEOS_DEPLOYMENT_TARGET = 10.2;
				MTL_ENABLE_DEBUG_INFO = NO;
				SDKROOT = iphoneos;
				VALIDATE_PRODUCT = YES;
			};
			name = Release;
		};
		ED53E89D1E50B613000411FB /* Debug */ = {
			isa = XCBuildConfiguration;
			buildSettings = {
				ASSETCATALOG_COMPILER_APPICON_NAME = AppIcon;
				INFOPLIST_FILE = TouchesDemo/Info.plist;
				LD_RUNPATH_SEARCH_PATHS = "$(inherited) @executable_path/Frameworks";
				PRODUCT_BUNDLE_IDENTIFIER = com.fernando.TouchesDemo;
				PRODUCT_NAME = "$(TARGET_NAME)";
			};
			name = Debug;
		};
		ED53E89E1E50B613000411FB /* Release */ = {
			isa = XCBuildConfiguration;
			buildSettings = {
				ASSETCATALOG_COMPILER_APPICON_NAME = AppIcon;
				INFOPLIST_FILE = TouchesDemo/Info.plist;
				LD_RUNPATH_SEARCH_PATHS = "$(inherited) @executable_path/Frameworks";
				PRODUCT_BUNDLE_IDENTIFIER = com.fernando.TouchesDemo;
				PRODUCT_NAME = "$(TARGET_NAME)";
			};
			name = Release;
		};
		ED53E8A01E50B613000411FB /* Debug */ = {
			isa = XCBuildConfiguration;
			buildSettings = {
				BUNDLE_LOADER = "$(TEST_HOST)";
				INFOPLIST_FILE = TouchesDemoTests/Info.plist;
				LD_RUNPATH_SEARCH_PATHS = "$(inherited) @executable_path/Frameworks @loader_path/Frameworks";
				PRODUCT_BUNDLE_IDENTIFIER = com.fernando.TouchesDemoTests;
				PRODUCT_NAME = "$(TARGET_NAME)";
				TEST_HOST = "$(BUILT_PRODUCTS_DIR)/TouchesDemo.app/TouchesDemo";
			};
			name = Debug;
		};
		ED53E8A11E50B613000411FB /* Release */ = {
			isa = XCBuildConfiguration;
			buildSettings = {
				BUNDLE_LOADER = "$(TEST_HOST)";
				INFOPLIST_FILE = TouchesDemoTests/Info.plist;
				LD_RUNPATH_SEARCH_PATHS = "$(inherited) @executable_path/Frameworks @loader_path/Frameworks";
				PRODUCT_BUNDLE_IDENTIFIER = com.fernando.TouchesDemoTests;
				PRODUCT_NAME = "$(TARGET_NAME)";
				TEST_HOST = "$(BUILT_PRODUCTS_DIR)/TouchesDemo.app/TouchesDemo";
			};
			name = Release;
		};
		ED53E8A31E50B613000411FB /* Debug */ = {
			isa = XCBuildConfiguration;
			buildSettings = {
				INFOPLIST_FILE = TouchesDemoUITests/Info.plist;
				LD_RUNPATH_SEARCH_PATHS = "$(inherited) @executable_path/Frameworks @loader_path/Frameworks";
				PRODUCT_BUNDLE_IDENTIFIER = com.fernando.TouchesDemoUITests;
				PRODUCT_NAME = "$(TARGET_NAME)";
				TEST_TARGET_NAME = TouchesDemo;
			};
			name = Debug;
		};
		ED53E8A41E50B613000411FB /* Release */ = {
			isa = XCBuildConfiguration;
			buildSettings = {
				INFOPLIST_FILE = TouchesDemoUITests/Info.plist;
				LD_RUNPATH_SEARCH_PATHS = "$(inherited) @executable_path/Frameworks @loader_path/Frameworks";
				PRODUCT_BUNDLE_IDENTIFIER = com.fernando.TouchesDemoUITests;
				PRODUCT_NAME = "$(TARGET_NAME)";
				TEST_TARGET_NAME = TouchesDemo;
			};
			name = Release;
		};
/* End XCBuildConfiguration section */

/* Begin XCConfigurationList section */
		ED53E86A1E50B613000411FB /* Build configuration list for PBXProject "TouchesDemo" */ = {
			isa = XCConfigurationList;
			buildConfigurations = (
				ED53E89A1E50B613000411FB /* Debug */,
				ED53E89B1E50B613000411FB /* Release */,
			);
			defaultConfigurationIsVisible = 0;
			defaultConfigurationName = Release;
		};
		ED53E89C1E50B613000411FB /* Build configuration list for PBXNativeTarget "TouchesDemo" */ = {
			isa = XCConfigurationList;
			buildConfigurations = (
				ED53E89D1E50B613000411FB /* Debug */,
				ED53E89E1E50B613000411FB /* Release */,
			);
			defaultConfigurationIsVisible = 0;
		};
		ED53E89F1E50B613000411FB /* Build configuration list for PBXNativeTarget "TouchesDemoTests" */ = {
			isa = XCConfigurationList;
			buildConfigurations = (
				ED53E8A01E50B613000411FB /* Debug */,
				ED53E8A11E50B613000411FB /* Release */,
			);
			defaultConfigurationIsVisible = 0;
		};
		ED53E8A21E50B613000411FB /* Build configuration list for PBXNativeTarget "TouchesDemoUITests" */ = {
			isa = XCConfigurationList;
			buildConfigurations = (
				ED53E8A31E50B613000411FB /* Debug */,
				ED53E8A41E50B613000411FB /* Release */,
			);
			defaultConfigurationIsVisible = 0;
		};
/* End XCConfigurationList section */
	};
	rootObject = ED53E8671E50B613000411FB /* Project object */;
}
